PODS:
  - Charts (3.1.1):
    - Charts/Core (= 3.1.1)
  - Charts/Core (3.1.1)
  - PKHUD (5.3.0)

DEPENDENCIES:
  - Charts (~> 3.1.0)
  - PKHUD (~> 5.0)

SPEC REPOS:
  trunk:
    - Charts
    - PKHUD

SPEC CHECKSUMS:
  Charts: 90a4d61da0f6e06684c591e3bcab11940fe61736
  PKHUD: 98f3e4bc904b9c916f1c5bb6d765365b5357291b

PODFILE CHECKSUM: 29ec7ccb8f14b04a28e985632172b6b67ee0d426

COCOAPODS: 1.9.3
